// !$*UTF8*$!
{
	archiveVersion = 1;
	classes = {
	};
	objectVersion = 50;
	objects = {

/* Begin PBXBuildFile section */
		14EDCF1F26C70F3900DA1413 /* ULHacksAppApp.swift in Sources */ = {isa = PBXBuildFile; fileRef = 14EDCF1E26C70F3900DA1413 /* ULHacksAppApp.swift */; };
		14EDCF2126C70F3900DA1413 /* ContentView.swift in Sources */ = {isa = PBXBuildFile; fileRef = 14EDCF2026C70F3900DA1413 /* ContentView.swift */; };
		14EDCF2326C70F4200DA1413 /* Assets.xcassets in Resources */ = {isa = PBXBuildFile; fileRef = 14EDCF2226C70F4200DA1413 /* Assets.xcassets */; };
		14EDCF2626C70F4200DA1413 /* Preview Assets.xcassets in Resources */ = {isa = PBXBuildFile; fileRef = 14EDCF2526C70F4200DA1413 /* Preview Assets.xcassets */; };
		14EDCF5126C7801B00DA1413 /* BrowseView.swift in Sources */ = {isa = PBXBuildFile; fileRef = 14EDCF5026C7801B00DA1413 /* BrowseView.swift */; };
		14EDCF5326C7805C00DA1413 /* ProjectCardView.swift in Sources */ = {isa = PBXBuildFile; fileRef = 14EDCF5226C7805C00DA1413 /* ProjectCardView.swift */; };
/* End PBXBuildFile section */

/* Begin PBXFileReference section */
		14EDCF1B26C70F3900DA1413 /* ULHacksApp.app */ = {isa = PBXFileReference; explicitFileType = wrapper.application; includeInIndex = 0; path = ULHacksApp.app; sourceTree = BUILT_PRODUCTS_DIR; };
		14EDCF1E26C70F3900DA1413 /* ULHacksAppApp.swift */ = {isa = PBXFileReference; lastKnownFileType = sourcecode.swift; path = ULHacksAppApp.swift; sourceTree = "<group>"; };
		14EDCF2026C70F3900DA1413 /* ContentView.swift */ = {isa = PBXFileReference; lastKnownFileType = sourcecode.swift; path = ContentView.swift; sourceTree = "<group>"; };
		14EDCF2226C70F4200DA1413 /* Assets.xcassets */ = {isa = PBXFileReference; lastKnownFileType = folder.assetcatalog; path = Assets.xcassets; sourceTree = "<group>"; };
		14EDCF2526C70F4200DA1413 /* Preview Assets.xcassets */ = {isa = PBXFileReference; lastKnownFileType = folder.assetcatalog; path = "Preview Assets.xcassets"; sourceTree = "<group>"; };
		14EDCF2726C70F4200DA1413 /* Info.plist */ = {isa = PBXFileReference; lastKnownFileType = text.plist.xml; path = Info.plist; sourceTree = "<group>"; };
		14EDCF5026C7801B00DA1413 /* BrowseView.swift */ = {isa = PBXFileReference; lastKnownFileType = sourcecode.swift; path = BrowseView.swift; sourceTree = "<group>"; };
		14EDCF5226C7805C00DA1413 /* ProjectCardView.swift */ = {isa = PBXFileReference; lastKnownFileType = sourcecode.swift; path = ProjectCardView.swift; sourceTree = "<group>"; };
/* End PBXFileReference section */

/* Begin PBXFrameworksBuildPhase section */
		14EDCF1826C70F3900DA1413 /* Frameworks */ = {
			isa = PBXFrameworksBuildPhase;
			buildActionMask = 2147483647;
			files = (
			);
			runOnlyForDeploymentPostprocessing = 0;
		};
/* End PBXFrameworksBuildPhase section */

/* Begin PBXGroup section */
		14EDCF1226C70F3900DA1413 = {
			isa = PBXGroup;
			children = (
				14EDCF1D26C70F3900DA1413 /* ULHacksApp */,
				14EDCF1C26C70F3900DA1413 /* Products */,
			);
			sourceTree = "<group>";
		};
		14EDCF1C26C70F3900DA1413 /* Products */ = {
			isa = PBXGroup;
			children = (
				14EDCF1B26C70F3900DA1413 /* ULHacksApp.app */,
			);
			name = Products;
			sourceTree = "<group>";
		};
		14EDCF1D26C70F3900DA1413 /* ULHacksApp */ = {
			isa = PBXGroup;
			children = (
				14EDCF2F26C70FA800DA1413 /* Controllers */,
				14EDCF2E26C70F9D00DA1413 /* Models */,
				14EDCF2D26C70F9200DA1413 /* Views */,
				14EDCF1E26C70F3900DA1413 /* ULHacksAppApp.swift */,
				14EDCF2026C70F3900DA1413 /* ContentView.swift */,
				14EDCF2226C70F4200DA1413 /* Assets.xcassets */,
				14EDCF2726C70F4200DA1413 /* Info.plist */,
				14EDCF2426C70F4200DA1413 /* Preview Content */,
			);
			path = ULHacksApp;
			sourceTree = "<group>";
		};
		14EDCF2426C70F4200DA1413 /* Preview Content */ = {
			isa = PBXGroup;
			children = (
				14EDCF2526C70F4200DA1413 /* Preview Assets.xcassets */,
			);
			path = "Preview Content";
			sourceTree = "<group>";
		};
		14EDCF2D26C70F9200DA1413 /* Views */ = {
			isa = PBXGroup;
			children = (
				14EDCF3126C70FC300DA1413 /* Subviews */,
				14EDCF3026C70FBD00DA1413 /* Screens */,
			);
			path = Views;
			sourceTree = "<group>";
		};
		14EDCF2E26C70F9D00DA1413 /* Models */ = {
			isa = PBXGroup;
			children = (
			);
			path = Models;
			sourceTree = "<group>";
		};
		14EDCF2F26C70FA800DA1413 /* Controllers */ = {
			isa = PBXGroup;
			children = (
			);
			path = Controllers;
			sourceTree = "<group>";
		};
		14EDCF3026C70FBD00DA1413 /* Screens */ = {
			isa = PBXGroup;
			children = (
				14EDCF5026C7801B00DA1413 /* BrowseView.swift */,
			);
			path = Screens;
			sourceTree = "<group>";
		};
		14EDCF3126C70FC300DA1413 /* Subviews */ = {
			isa = PBXGroup;
			children = (
				14EDCF5226C7805C00DA1413 /* ProjectCardView.swift */,
			);
			path = Subviews;
			sourceTree = "<group>";
		};
/* End PBXGroup section */

/* Begin PBXNativeTarget section */
		14EDCF1A26C70F3900DA1413 /* ULHacksApp */ = {
			isa = PBXNativeTarget;
			buildConfigurationList = 14EDCF2A26C70F4200DA1413 /* Build configuration list for PBXNativeTarget "ULHacksApp" */;
			buildPhases = (
				14EDCF1726C70F3900DA1413 /* Sources */,
				14EDCF1826C70F3900DA1413 /* Frameworks */,
				14EDCF1926C70F3900DA1413 /* Resources */,
			);
			buildRules = (
			);
			dependencies = (
			);
			name = ULHacksApp;
			productName = ULHacksApp;
			productReference = 14EDCF1B26C70F3900DA1413 /* ULHacksApp.app */;
			productType = "com.apple.product-type.application";
		};
/* End PBXNativeTarget section */

/* Begin PBXProject section */
		14EDCF1326C70F3900DA1413 /* Project object */ = {
			isa = PBXProject;
			attributes = {
				LastSwiftUpdateCheck = 1250;
				LastUpgradeCheck = 1250;
				TargetAttributes = {
					14EDCF1A26C70F3900DA1413 = {
						CreatedOnToolsVersion = 12.5.1;
					};
				};
			};
			buildConfigurationList = 14EDCF1626C70F3900DA1413 /* Build configuration list for PBXProject "ULHacksApp" */;
			compatibilityVersion = "Xcode 9.3";
			developmentRegion = en;
			hasScannedForEncodings = 0;
			knownRegions = (
				en,
				Base,
			);
			mainGroup = 14EDCF1226C70F3900DA1413;
			productRefGroup = 14EDCF1C26C70F3900DA1413 /* Products */;
			projectDirPath = "";
			projectRoot = "";
			targets = (
				14EDCF1A26C70F3900DA1413 /* ULHacksApp */,
			);
		};
/* End PBXProject section */

/* Begin PBXResourcesBuildPhase section */
		14EDCF1926C70F3900DA1413 /* Resources */ = {
			isa = PBXResourcesBuildPhase;
			buildActionMask = 2147483647;
			files = (
				14EDCF2626C70F4200DA1413 /* Preview Assets.xcassets in Resources */,
				14EDCF2326C70F4200DA1413 /* Assets.xcassets in Resources */,
			);
			runOnlyForDeploymentPostprocessing = 0;
		};
/* End PBXResourcesBuildPhase section */

/* Begin PBXSourcesBuildPhase section */
		14EDCF1726C70F3900DA1413 /* Sources */ = {
			isa = PBXSourcesBuildPhase;
			buildActionMask = 2147483647;
			files = (
				14EDCF5326C7805C00DA1413 /* ProjectCardView.swift in Sources */,
				14EDCF2126C70F3900DA1413 /* ContentView.swift in Sources */,
				14EDCF5126C7801B00DA1413 /* BrowseView.swift in Sources */,
				14EDCF1F26C70F3900DA1413 /* ULHacksAppApp.swift in Sources */,
			);
			runOnlyForDeploymentPostprocessing = 0;
		};
/* End PBXSourcesBuildPhase section */

/* Begin XCBuildConfiguration section */
		14EDCF2826C70F4200DA1413 /* Debug */ = {
			isa = XCBuildConfiguration;
			buildSettings = {
				ALWAYS_SEARCH_USER_PATHS = NO;
				CLANG_ANALYZER_NONNULL = YES;
				CLANG_ANALYZER_NUMBER_OBJECT_CONVERSION = YES_AGGRESSIVE;
				CLANG_CXX_LANGUAGE_STANDARD = "gnu++14";
				CLANG_CXX_LIBRARY = "libc++";
				CLANG_ENABLE_MODULES = YES;
				CLANG_ENABLE_OBJC_ARC = YES;
				CLANG_ENABLE_OBJC_WEAK = YES;
				CLANG_WARN_BLOCK_CAPTURE_AUTORELEASING = YES;
				CLANG_WARN_BOOL_CONVERSION = YES;
				CLANG_WARN_COMMA = YES;
				CLANG_WARN_CONSTANT_CONVERSION = YES;
				CLANG_WARN_DEPRECATED_OBJC_IMPLEMENTATIONS = YES;
				CLANG_WARN_DIRECT_OBJC_ISA_USAGE = YES_ERROR;
				CLANG_WARN_DOCUMENTATION_COMMENTS = YES;
				CLANG_WARN_EMPTY_BODY = YES;
				CLANG_WARN_ENUM_CONVERSION = YES;
				CLANG_WARN_INFINITE_RECURSION = YES;
				CLANG_WARN_INT_CONVERSION = YES;
				CLANG_WARN_NON_LITERAL_NULL_CONVERSION = YES;
				CLANG_WARN_OBJC_IMPLICIT_RETAIN_SELF = YES;
				CLANG_WARN_OBJC_LITERAL_CONVERSION = YES;
				CLANG_WARN_OBJC_ROOT_CLASS = YES_ERROR;
				CLANG_WARN_QUOTED_INCLUDE_IN_FRAMEWORK_HEADER = YES;
				CLANG_WARN_RANGE_LOOP_ANALYSIS = YES;
				CLANG_WARN_STRICT_PROTOTYPES = YES;
				CLANG_WARN_SUSPICIOUS_MOVE = YES;
				CLANG_WARN_UNGUARDED_AVAILABILITY = YES_AGGRESSIVE;
				CLANG_WARN_UNREACHABLE_CODE = YES;
				CLANG_WARN__DUPLICATE_METHOD_MATCH = YES;
				COPY_PHASE_STRIP = NO;
				DEBUG_INFORMATION_FORMAT = dwarf;
				ENABLE_STRICT_OBJC_MSGSEND = YES;
				ENABLE_TESTABILITY = YES;
				GCC_C_LANGUAGE_STANDARD = gnu11;
				GCC_DYNAMIC_NO_PIC = NO;
				GCC_NO_COMMON_BLOCKS = YES;
				GCC_OPTIMIZATION_LEVEL = 0;
				GCC_PREPROCESSOR_DEFINITIONS = (
					"DEBUG=1",
					"$(inherited)",
				);
				GCC_WARN_64_TO_32_BIT_CONVERSION = YES;
				GCC_WARN_ABOUT_RETURN_TYPE = YES_ERROR;
				GCC_WARN_UNDECLARED_SELECTOR = YES;
				GCC_WARN_UNINITIALIZED_AUTOS = YES_AGGRESSIVE;
				GCC_WARN_UNUSED_FUNCTION = YES;
				GCC_WARN_UNUSED_VARIABLE = YES;
				IPHONEOS_DEPLOYMENT_TARGET = 14.5;
				MTL_ENABLE_DEBUG_INFO = INCLUDE_SOURCE;
				MTL_FAST_MATH = YES;
				ONLY_ACTIVE_ARCH = YES;
				SDKROOT = iphoneos;
				SWIFT_ACTIVE_COMPILATION_CONDITIONS = DEBUG;
				SWIFT_OPTIMIZATION_LEVEL = "-Onone";
			};
			name = Debug;
		};
		14EDCF2926C70F4200DA1413 /* Release */ = {
			isa = XCBuildConfiguration;
			buildSettings = {
				ALWAYS_SEARCH_USER_PATHS = NO;
				CLANG_ANALYZER_NONNULL = YES;
				CLANG_ANALYZER_NUMBER_OBJECT_CONVERSION = YES_AGGRESSIVE;
				CLANG_CXX_LANGUAGE_STANDARD = "gnu++14";
				CLANG_CXX_LIBRARY = "libc++";
				CLANG_ENABLE_MODULES = YES;
				CLANG_ENABLE_OBJC_ARC = YES;
				CLANG_ENABLE_OBJC_WEAK = YES;
				CLANG_WARN_BLOCK_CAPTURE_AUTORELEASING = YES;
				CLANG_WARN_BOOL_CONVERSION = YES;
				CLANG_WARN_COMMA = YES;
				CLANG_WARN_CONSTANT_CONVERSION = YES;
				CLANG_WARN_DEPRECATED_OBJC_IMPLEMENTATIONS = YES;
				CLANG_WARN_DIRECT_OBJC_ISA_USAGE = YES_ERROR;
				CLANG_WARN_DOCUMENTATION_COMMENTS = YES;
				CLANG_WARN_EMPTY_BODY = YES;
				CLANG_WARN_ENUM_CONVERSION = YES;
				CLANG_WARN_INFINITE_RECURSION = YES;
				CLANG_WARN_INT_CONVERSION = YES;
				CLANG_WARN_NON_LITERAL_NULL_CONVERSION = YES;
				CLANG_WARN_OBJC_IMPLICIT_RETAIN_SELF = YES;
				CLANG_WARN_OBJC_LITERAL_CONVERSION = YES;
				CLANG_WARN_OBJC_ROOT_CLASS = YES_ERROR;
				CLANG_WARN_QUOTED_INCLUDE_IN_FRAMEWORK_HEADER = YES;
				CLANG_WARN_RANGE_LOOP_ANALYSIS = YES;
				CLANG_WARN_STRICT_PROTOTYPES = YES;
				CLANG_WARN_SUSPICIOUS_MOVE = YES;
				CLANG_WARN_UNGUARDED_AVAILABILITY = YES_AGGRESSIVE;
				CLANG_WARN_UNREACHABLE_CODE = YES;
				CLANG_WARN__DUPLICATE_METHOD_MATCH = YES;
				COPY_PHASE_STRIP = NO;
				DEBUG_INFORMATION_FORMAT = "dwarf-with-dsym";
				ENABLE_NS_ASSERTIONS = NO;
				ENABLE_STRICT_OBJC_MSGSEND = YES;
				GCC_C_LANGUAGE_STANDARD = gnu11;
				GCC_NO_COMMON_BLOCKS = YES;
				GCC_WARN_64_TO_32_BIT_CONVERSION = YES;
				GCC_WARN_ABOUT_RETURN_TYPE = YES_ERROR;
				GCC_WARN_UNDECLARED_SELECTOR = YES;
				GCC_WARN_UNINITIALIZED_AUTOS = YES_AGGRESSIVE;
				GCC_WARN_UNUSED_FUNCTION = YES;
				GCC_WARN_UNUSED_VARIABLE = YES;
				IPHONEOS_DEPLOYMENT_TARGET = 14.5;
				MTL_ENABLE_DEBUG_INFO = NO;
				MTL_FAST_MATH = YES;
				SDKROOT = iphoneos;
				SWIFT_COMPILATION_MODE = wholemodule;
				SWIFT_OPTIMIZATION_LEVEL = "-O";
				VALIDATE_PRODUCT = YES;
			};
			name = Release;
		};
		14EDCF2B26C70F4200DA1413 /* Debug */ = {
			isa = XCBuildConfiguration;
			buildSettings = {
				ASSETCATALOG_COMPILER_APPICON_NAME = AppIcon;
				ASSETCATALOG_COMPILER_GLOBAL_ACCENT_COLOR_NAME = AccentColor;
				CODE_SIGN_STYLE = Automatic;
				DEVELOPMENT_ASSET_PATHS = "\"ULHacksApp/Preview Content\"";
				DEVELOPMENT_TEAM = T29XJVF23H;
				ENABLE_PREVIEWS = YES;
				INFOPLIST_FILE = ULHacksApp/Info.plist;
				IPHONEOS_DEPLOYMENT_TARGET = 14.0;
				LD_RUNPATH_SEARCH_PATHS = (
					"$(inherited)",
					"@executable_path/Frameworks",
				);
				PRODUCT_BUNDLE_IDENTIFIER = com.jjdoleweerd.ULHacksApp;
				PRODUCT_NAME = "$(TARGET_NAME)";
				SWIFT_VERSION = 5.0;
				TARGETED_DEVICE_FAMILY = "1,2";
			};
			name = Debug;
		};
		14EDCF2C26C70F4200DA1413 /* Release */ = {
			isa = XCBuildConfiguration;
			buildSettings = {
				ASSETCATALOG_COMPILER_APPICON_NAME = AppIcon;
				ASSETCATALOG_COMPILER_GLOBAL_ACCENT_COLOR_NAME = AccentColor;
				CODE_SIGN_STYLE = Automatic;
				DEVELOPMENT_ASSET_PATHS = "\"ULHacksApp/Preview Content\"";
				DEVELOPMENT_TEAM = T29XJVF23H;
				ENABLE_PREVIEWS = YES;
				INFOPLIST_FILE = ULHacksApp/Info.plist;
				IPHONEOS_DEPLOYMENT_TARGET = 14.0;
				LD_RUNPATH_SEARCH_PATHS = (
					"$(inherited)",
					"@executable_path/Frameworks",
				);
				PRODUCT_BUNDLE_IDENTIFIER = com.jjdoleweerd.ULHacksApp;
				PRODUCT_NAME = "$(TARGET_NAME)";
				SWIFT_VERSION = 5.0;
				TARGETED_DEVICE_FAMILY = "1,2";
			};
			name = Release;
		};
/* End XCBuildConfiguration section */

/* Begin XCConfigurationList section */
		14EDCF1626C70F3900DA1413 /* Build configuration list for PBXProject "ULHacksApp" */ = {
			isa = XCConfigurationList;
			buildConfigurations = (
				14EDCF2826C70F4200DA1413 /* Debug */,
				14EDCF2926C70F4200DA1413 /* Release */,
			);
			defaultConfigurationIsVisible = 0;
			defaultConfigurationName = Release;
		};
		14EDCF2A26C70F4200DA1413 /* Build configuration list for PBXNativeTarget "ULHacksApp" */ = {
			isa = XCConfigurationList;
			buildConfigurations = (
				14EDCF2B26C70F4200DA1413 /* Debug */,
				14EDCF2C26C70F4200DA1413 /* Release */,
			);
			defaultConfigurationIsVisible = 0;
			defaultConfigurationName = Release;
		};
/* End XCConfigurationList section */
	};
	rootObject = 14EDCF1326C70F3900DA1413 /* Project object */;
}
